PODS:
  - Mapbox-iOS-SDK (3.7.5)
  - MapboxCoreNavigation (0.13.1):
    - MapboxDirections.swift (~> 0.17)
    - MapboxMobileEvents (~> 0.3)
    - Turf (~> 0.0.4)
  - MapboxDirections.swift (0.17.0):
    - Polyline (~> 4.2)
  - MapboxMobileEvents (0.3.0)
  - MapboxNavigation (0.13.1):
    - Mapbox-iOS-SDK (~> 3.6)
    - MapboxCoreNavigation (= 0.13.1)
    - MapboxSpeech (~> 0.0.1)
    - Solar (~> 2.1)
    - Turf (~> 0.0.4)
  - MapboxSpeech (0.0.1)
  - Polyline (4.2.0)
  - Solar (2.1.0)
  - Turf (0.0.4)

DEPENDENCIES:
  - Mapbox-iOS-SDK (~> 3.7)
  - MapboxCoreNavigation (from `../mapbox-navigation-ios`)
  - MapboxNavigation (from `../mapbox-navigation-ios`)

EXTERNAL SOURCES:
  MapboxCoreNavigation:
    :path: ../mapbox-navigation-ios
  MapboxNavigation:
    :path: ../mapbox-navigation-ios

SPEC CHECKSUMS:
  Mapbox-iOS-SDK: 107e331a7ae02e6be902c1557d3454c54e18ce5b
  MapboxCoreNavigation: 76a254348200353851286b81bd9650223ac6a6a4
  MapboxDirections.swift: e116692023c0e42b21d037273edbd2065babe3a9
  MapboxMobileEvents: 246843e366f6687f697098673ef78a858c0d8619
  MapboxNavigation: f559f033f0a4a96886b80aca2fb7cd95d880aa74
  MapboxSpeech: 6cc9b3d53adc2988af3ebc704dd17907b84a3f9f
  Polyline: 3d69f75bb136357e27291d439d0436c6ebda57a4
  Solar: 2dc6e7cc39186cb0c8228fa08df76fb50c7d8f24
  Turf: 6c169618fa671e3f8a7b764b5b3332053ad6110e

PODFILE CHECKSUM: 4dae91417244e04f5eaca9ea2d1ed8eb74ee05dd

COCOAPODS: 1.4.0
