PODS:
  - Mapbox-iOS-SDK (3.7.6)
  - MapboxCoreNavigation (0.16.0):
    - MapboxDirections.swift (~> 0.19.0)
    - MapboxMobileEvents (~> 0.3)
    - Turf (~> 0.0.4)
  - MapboxDirections.swift (0.19.0):
    - Polyline (~> 4.2)
  - MapboxMobileEvents (0.3.1)
  - MapboxNavigation (0.16.0):
    - Mapbox-iOS-SDK (~> 3.6)
    - MapboxCoreNavigation (= 0.16.0)
    - MapboxSpeech (~> 0.0.1)
    - Solar (~> 2.1)
    - Turf (~> 0.0.4)
  - MapboxSpeech (0.0.1)
  - Polyline (4.2.0)
  - Solar (2.1.0)
  - Turf (0.0.4)

DEPENDENCIES:
  - MapboxCoreNavigation (~> 0.16)
  - MapboxNavigation (~> 0.16)

SPEC CHECKSUMS:
  Mapbox-iOS-SDK: 23ececda1d90c3b436b45e2c88e9677f025303c0
  MapboxCoreNavigation: 0ebb72a3253af35695f2b2bd7c919d67ad354fb5
  MapboxDirections.swift: 28c683ee94b12c0da7849ec5e579150623180fee
  MapboxMobileEvents: 0f11c4ca8fed019926611a9486d414ad12bee2fa
  MapboxNavigation: 6fc118df531264d75f6b22b459ed9271a941b0b7
  MapboxSpeech: 6cc9b3d53adc2988af3ebc704dd17907b84a3f9f
  Polyline: 3d69f75bb136357e27291d439d0436c6ebda57a4
  Solar: 2dc6e7cc39186cb0c8228fa08df76fb50c7d8f24
  Turf: 6c169618fa671e3f8a7b764b5b3332053ad6110e

PODFILE CHECKSUM: 46a8d1d7c5b8ea08581226b0736f6a4cec17d5ba

COCOAPODS: 1.4.0
