// !$*UTF8*$!
{
	archiveVersion = 1;
	classes = {
	};
	objectVersion = 48;
	objects = {

/* Begin PBXBuildFile section */
		0E4DB43E555307E85D094271 /* Pods_Navigation_Examples.framework in Frameworks */ = {isa = PBXBuildFile; fileRef = 020D595E7751FB434720AACD /* Pods_Navigation_Examples.framework */; };
		8DF510741FEB08F70049DB9C /* Embedded-Navigation.swift in Sources */ = {isa = PBXBuildFile; fileRef = 8DF510731FEB08F70049DB9C /* Embedded-Navigation.swift */; };
		8DF510751FEB0CA00049DB9C /* MapboxNavigation.framework in Frameworks */ = {isa = PBXBuildFile; fileRef = 8DF510761FEB0CA00049DB9C /* MapboxNavigation.framework */; };
		9613F58522E0306500D34E24 /* Assets.xcassets in Resources */ = {isa = PBXBuildFile; fileRef = 961FC4E822E0260A00C72877 /* Assets.xcassets */; };
		9613F58822E030AC00D34E24 /* LaunchScreen.storyboard in Resources */ = {isa = PBXBuildFile; fileRef = 9613F58622E030AC00D34E24 /* LaunchScreen.storyboard */; };
		9613F58922E030AC00D34E24 /* Main.storyboard in Resources */ = {isa = PBXBuildFile; fileRef = 9613F58722E030AC00D34E24 /* Main.storyboard */; };
		961FC51422E0268800C72877 /* NavigationTutorialViewController.swift in Sources */ = {isa = PBXBuildFile; fileRef = 961FC4EE22E0260A00C72877 /* NavigationTutorialViewController.swift */; };
		961FC51522E0268800C72877 /* NavigationTutorialViewController.m in Sources */ = {isa = PBXBuildFile; fileRef = 961FC4EF22E0260A00C72877 /* NavigationTutorialViewController.m */; };
		961FC51622E0268B00C72877 /* AppDelegate.swift in Sources */ = {isa = PBXBuildFile; fileRef = 961FC4F122E0260A00C72877 /* AppDelegate.swift */; };
		9639244A22E02A520010FE73 /* Main.storyboard in Resources */ = {isa = PBXBuildFile; fileRef = C58FB85D1FE899B800C4B491 /* Main.storyboard */; };
		9639244B22E02A820010FE73 /* EmbeddedExamples.storyboard in Resources */ = {isa = PBXBuildFile; fileRef = 8D6D36A620001F0400C2B61B /* EmbeddedExamples.storyboard */; };
		B40ADDC9ABB7E7F6703997CA /* Pods_DocsCode.framework in Frameworks */ = {isa = PBXBuildFile; fileRef = 9B796D93B6E7934BFD326FA8 /* Pods_DocsCode.framework */; };
		C52BAA782040D5030086EC6B /* Custom-Destination-Marker.swift in Sources */ = {isa = PBXBuildFile; fileRef = C52BAA772040D5030086EC6B /* Custom-Destination-Marker.swift */; };
		C58FB85A1FE899B800C4B491 /* AppDelegate.swift in Sources */ = {isa = PBXBuildFile; fileRef = C58FB8591FE899B800C4B491 /* AppDelegate.swift */; };
		C58FB85C1FE899B800C4B491 /* ViewController.swift in Sources */ = {isa = PBXBuildFile; fileRef = C58FB85B1FE899B800C4B491 /* ViewController.swift */; };
		C58FB8611FE899B800C4B491 /* Assets.xcassets in Resources */ = {isa = PBXBuildFile; fileRef = C58FB8601FE899B800C4B491 /* Assets.xcassets */; };
		C58FB86C1FE89CEC00C4B491 /* ExampleContainerViewController.swift in Sources */ = {isa = PBXBuildFile; fileRef = C58FB86B1FE89CEC00C4B491 /* ExampleContainerViewController.swift */; };
		C58FB86E1FE89D9500C4B491 /* ExampleTableViewController.swift in Sources */ = {isa = PBXBuildFile; fileRef = C58FB86D1FE89D9500C4B491 /* ExampleTableViewController.swift */; };
		C58FB8711FE8A43000C4B491 /* Basic.swift in Sources */ = {isa = PBXBuildFile; fileRef = C58FB8701FE8A43000C4B491 /* Basic.swift */; };
		C58FB8731FE98AEB00C4B491 /* Styled-UI-Elements.swift in Sources */ = {isa = PBXBuildFile; fileRef = C58FB8721FE98AEB00C4B491 /* Styled-UI-Elements.swift */; };
		C58FB8771FE98B0E00C4B491 /* Waypoint-Arrival-Screen.swift in Sources */ = {isa = PBXBuildFile; fileRef = C58FB8761FE98B0E00C4B491 /* Waypoint-Arrival-Screen.swift */; };
		C59094C3203E3B9100EB2417 /* Custom-Voice-Controller.swift in Sources */ = {isa = PBXBuildFile; fileRef = C59094C2203E3B9100EB2417 /* Custom-Voice-Controller.swift */; };
		C5C0D63820589422003A3B1D /* Custom-Server.swift in Sources */ = {isa = PBXBuildFile; fileRef = C5C0D63720589422003A3B1D /* Custom-Server.swift */; };
		C5F130A01FE9B44600463E86 /* Constants.swift in Sources */ = {isa = PBXBuildFile; fileRef = C5F1309F1FE9B44600463E86 /* Constants.swift */; };
		C5F130A61FEB2D7800463E86 /* Advanced.swift in Sources */ = {isa = PBXBuildFile; fileRef = C5F130A51FEB2D7800463E86 /* Advanced.swift */; };
/* End PBXBuildFile section */

/* Begin PBXFileReference section */
		01D167067A6027DCA4D44BF3 /* Pods-Navigation-Examples-DocsCode.debug.xcconfig */ = {isa = PBXFileReference; includeInIndex = 1; lastKnownFileType = text.xcconfig; name = "Pods-Navigation-Examples-DocsCode.debug.xcconfig"; path = "Pods/Target Support Files/Pods-Navigation-Examples-DocsCode/Pods-Navigation-Examples-DocsCode.debug.xcconfig"; sourceTree = "<group>"; };
		020D595E7751FB434720AACD /* Pods_Navigation_Examples.framework */ = {isa = PBXFileReference; explicitFileType = wrapper.framework; includeInIndex = 0; path = Pods_Navigation_Examples.framework; sourceTree = BUILT_PRODUCTS_DIR; };
		1E6EDEBB177F0E6643EC4DB9 /* Pods-Navigation-Examples-DocsCode.release.xcconfig */ = {isa = PBXFileReference; includeInIndex = 1; lastKnownFileType = text.xcconfig; name = "Pods-Navigation-Examples-DocsCode.release.xcconfig"; path = "Pods/Target Support Files/Pods-Navigation-Examples-DocsCode/Pods-Navigation-Examples-DocsCode.release.xcconfig"; sourceTree = "<group>"; };
		8D6D36A620001F0400C2B61B /* EmbeddedExamples.storyboard */ = {isa = PBXFileReference; lastKnownFileType = file.storyboard; path = EmbeddedExamples.storyboard; sourceTree = "<group>"; };
		8DF510731FEB08F70049DB9C /* Embedded-Navigation.swift */ = {isa = PBXFileReference; lastKnownFileType = sourcecode.swift; path = "Embedded-Navigation.swift"; sourceTree = "<group>"; };
		8DF510761FEB0CA00049DB9C /* MapboxNavigation.framework */ = {isa = PBXFileReference; explicitFileType = wrapper.framework; path = MapboxNavigation.framework; sourceTree = BUILT_PRODUCTS_DIR; };
		9613F58622E030AC00D34E24 /* LaunchScreen.storyboard */ = {isa = PBXFileReference; fileEncoding = 4; lastKnownFileType = file.storyboard; path = LaunchScreen.storyboard; sourceTree = "<group>"; };
		9613F58722E030AC00D34E24 /* Main.storyboard */ = {isa = PBXFileReference; fileEncoding = 4; lastKnownFileType = file.storyboard; path = Main.storyboard; sourceTree = "<group>"; };
		961FC4E722E0260A00C72877 /* DocsCode-Bridging-Header.h */ = {isa = PBXFileReference; fileEncoding = 4; lastKnownFileType = sourcecode.c.h; path = "DocsCode-Bridging-Header.h"; sourceTree = "<group>"; };
		961FC4E822E0260A00C72877 /* Assets.xcassets */ = {isa = PBXFileReference; lastKnownFileType = folder.assetcatalog; path = Assets.xcassets; sourceTree = "<group>"; };
		961FC4EE22E0260A00C72877 /* NavigationTutorialViewController.swift */ = {isa = PBXFileReference; fileEncoding = 4; lastKnownFileType = sourcecode.swift; path = NavigationTutorialViewController.swift; sourceTree = "<group>"; };
		961FC4EF22E0260A00C72877 /* NavigationTutorialViewController.m */ = {isa = PBXFileReference; fileEncoding = 4; lastKnownFileType = sourcecode.c.objc; path = NavigationTutorialViewController.m; sourceTree = "<group>"; };
		961FC4F022E0260A00C72877 /* NavigationTutorialViewController.h */ = {isa = PBXFileReference; fileEncoding = 4; lastKnownFileType = sourcecode.c.h; path = NavigationTutorialViewController.h; sourceTree = "<group>"; };
		961FC4F122E0260A00C72877 /* AppDelegate.swift */ = {isa = PBXFileReference; fileEncoding = 4; lastKnownFileType = sourcecode.swift; path = AppDelegate.swift; sourceTree = "<group>"; };
		961FC4F222E0260A00C72877 /* Info.plist */ = {isa = PBXFileReference; fileEncoding = 4; lastKnownFileType = text.plist.xml; path = Info.plist; sourceTree = "<group>"; };
		961FC4FE22E0265300C72877 /* DocsCode.app */ = {isa = PBXFileReference; explicitFileType = wrapper.application; includeInIndex = 0; path = DocsCode.app; sourceTree = BUILT_PRODUCTS_DIR; };
		9A4F31D3A4350E716451A486 /* Pods-DocsCode.debug.xcconfig */ = {isa = PBXFileReference; includeInIndex = 1; lastKnownFileType = text.xcconfig; name = "Pods-DocsCode.debug.xcconfig"; path = "Pods/Target Support Files/Pods-DocsCode/Pods-DocsCode.debug.xcconfig"; sourceTree = "<group>"; };
		9B796D93B6E7934BFD326FA8 /* Pods_DocsCode.framework */ = {isa = PBXFileReference; explicitFileType = wrapper.framework; includeInIndex = 0; path = Pods_DocsCode.framework; sourceTree = BUILT_PRODUCTS_DIR; };
		B33B5E4C0AD283368D51EEDA /* Pods-DocsCode.release.xcconfig */ = {isa = PBXFileReference; includeInIndex = 1; lastKnownFileType = text.xcconfig; name = "Pods-DocsCode.release.xcconfig"; path = "Pods/Target Support Files/Pods-DocsCode/Pods-DocsCode.release.xcconfig"; sourceTree = "<group>"; };
		BFEC70FB9C884A4DDD80E7D9 /* Pods-Navigation-Examples.release.xcconfig */ = {isa = PBXFileReference; includeInIndex = 1; lastKnownFileType = text.xcconfig; name = "Pods-Navigation-Examples.release.xcconfig"; path = "Pods/Target Support Files/Pods-Navigation-Examples/Pods-Navigation-Examples.release.xcconfig"; sourceTree = "<group>"; };
		C52BAA772040D5030086EC6B /* Custom-Destination-Marker.swift */ = {isa = PBXFileReference; lastKnownFileType = sourcecode.swift; path = "Custom-Destination-Marker.swift"; sourceTree = "<group>"; };
		C58FB8561FE899B800C4B491 /* Navigation-Examples.app */ = {isa = PBXFileReference; explicitFileType = wrapper.application; includeInIndex = 0; path = "Navigation-Examples.app"; sourceTree = BUILT_PRODUCTS_DIR; };
		C58FB8591FE899B800C4B491 /* AppDelegate.swift */ = {isa = PBXFileReference; lastKnownFileType = sourcecode.swift; path = AppDelegate.swift; sourceTree = "<group>"; };
		C58FB85B1FE899B800C4B491 /* ViewController.swift */ = {isa = PBXFileReference; lastKnownFileType = sourcecode.swift; path = ViewController.swift; sourceTree = "<group>"; };
		C58FB85E1FE899B800C4B491 /* Base */ = {isa = PBXFileReference; lastKnownFileType = file.storyboard; name = Base; path = Base.lproj/Main.storyboard; sourceTree = "<group>"; };
		C58FB8601FE899B800C4B491 /* Assets.xcassets */ = {isa = PBXFileReference; lastKnownFileType = folder.assetcatalog; path = Assets.xcassets; sourceTree = "<group>"; };
		C58FB8631FE899B800C4B491 /* Base */ = {isa = PBXFileReference; lastKnownFileType = file.storyboard; name = Base; path = Base.lproj/LaunchScreen.storyboard; sourceTree = "<group>"; };
		C58FB8651FE899B800C4B491 /* Info.plist */ = {isa = PBXFileReference; lastKnownFileType = text.plist.xml; path = Info.plist; sourceTree = "<group>"; };
		C58FB86B1FE89CEC00C4B491 /* ExampleContainerViewController.swift */ = {isa = PBXFileReference; lastKnownFileType = sourcecode.swift; path = ExampleContainerViewController.swift; sourceTree = "<group>"; };
		C58FB86D1FE89D9500C4B491 /* ExampleTableViewController.swift */ = {isa = PBXFileReference; lastKnownFileType = sourcecode.swift; path = ExampleTableViewController.swift; sourceTree = "<group>"; };
		C58FB8701FE8A43000C4B491 /* Basic.swift */ = {isa = PBXFileReference; lastKnownFileType = sourcecode.swift; path = Basic.swift; sourceTree = "<group>"; };
		C58FB8721FE98AEB00C4B491 /* Styled-UI-Elements.swift */ = {isa = PBXFileReference; lastKnownFileType = sourcecode.swift; path = "Styled-UI-Elements.swift"; sourceTree = "<group>"; };
		C58FB8761FE98B0E00C4B491 /* Waypoint-Arrival-Screen.swift */ = {isa = PBXFileReference; lastKnownFileType = sourcecode.swift; path = "Waypoint-Arrival-Screen.swift"; sourceTree = "<group>"; };
		C59094C2203E3B9100EB2417 /* Custom-Voice-Controller.swift */ = {isa = PBXFileReference; lastKnownFileType = sourcecode.swift; path = "Custom-Voice-Controller.swift"; sourceTree = "<group>"; };
		C5C0D63720589422003A3B1D /* Custom-Server.swift */ = {isa = PBXFileReference; lastKnownFileType = sourcecode.swift; path = "Custom-Server.swift"; sourceTree = "<group>"; };
		C5F1309F1FE9B44600463E86 /* Constants.swift */ = {isa = PBXFileReference; lastKnownFileType = sourcecode.swift; path = Constants.swift; sourceTree = "<group>"; };
		C5F130A51FEB2D7800463E86 /* Advanced.swift */ = {isa = PBXFileReference; lastKnownFileType = sourcecode.swift; path = Advanced.swift; sourceTree = "<group>"; };
		FE9EEF42C4F1DD67E96BC63A /* Pods-Navigation-Examples.debug.xcconfig */ = {isa = PBXFileReference; includeInIndex = 1; lastKnownFileType = text.xcconfig; name = "Pods-Navigation-Examples.debug.xcconfig"; path = "Pods/Target Support Files/Pods-Navigation-Examples/Pods-Navigation-Examples.debug.xcconfig"; sourceTree = "<group>"; };
/* End PBXFileReference section */

/* Begin PBXFrameworksBuildPhase section */
		961FC4FB22E0265300C72877 /* Frameworks */ = {
			isa = PBXFrameworksBuildPhase;
			buildActionMask = 2147483647;
			files = (
				B40ADDC9ABB7E7F6703997CA /* Pods_DocsCode.framework in Frameworks */,
			);
			runOnlyForDeploymentPostprocessing = 0;
		};
		C58FB8531FE899B800C4B491 /* Frameworks */ = {
			isa = PBXFrameworksBuildPhase;
			buildActionMask = 2147483647;
			files = (
				8DF510751FEB0CA00049DB9C /* MapboxNavigation.framework in Frameworks */,
				0E4DB43E555307E85D094271 /* Pods_Navigation_Examples.framework in Frameworks */,
			);
			runOnlyForDeploymentPostprocessing = 0;
		};
/* End PBXFrameworksBuildPhase section */

/* Begin PBXGroup section */
		1DB15F41255AE89621E98535 /* Pods */ = {
			isa = PBXGroup;
			children = (
				FE9EEF42C4F1DD67E96BC63A /* Pods-Navigation-Examples.debug.xcconfig */,
				BFEC70FB9C884A4DDD80E7D9 /* Pods-Navigation-Examples.release.xcconfig */,
				9A4F31D3A4350E716451A486 /* Pods-DocsCode.debug.xcconfig */,
				B33B5E4C0AD283368D51EEDA /* Pods-DocsCode.release.xcconfig */,
				01D167067A6027DCA4D44BF3 /* Pods-Navigation-Examples-DocsCode.debug.xcconfig */,
				1E6EDEBB177F0E6643EC4DB9 /* Pods-Navigation-Examples-DocsCode.release.xcconfig */,
			);
			name = Pods;
			sourceTree = "<group>";
		};
		961FC4E622E0260A00C72877 /* DocsCode */ = {
			isa = PBXGroup;
			children = (
				961FC4ED22E0260A00C72877 /* NavigationTutorial */,
				961FC4F122E0260A00C72877 /* AppDelegate.swift */,
				961FC4E822E0260A00C72877 /* Assets.xcassets */,
				961FC4E722E0260A00C72877 /* DocsCode-Bridging-Header.h */,
				961FC4F222E0260A00C72877 /* Info.plist */,
				9613F58622E030AC00D34E24 /* LaunchScreen.storyboard */,
				9613F58722E030AC00D34E24 /* Main.storyboard */,
			);
			path = DocsCode;
			sourceTree = "<group>";
		};
		961FC4ED22E0260A00C72877 /* NavigationTutorial */ = {
			isa = PBXGroup;
			children = (
				961FC4EE22E0260A00C72877 /* NavigationTutorialViewController.swift */,
				961FC4EF22E0260A00C72877 /* NavigationTutorialViewController.m */,
				961FC4F022E0260A00C72877 /* NavigationTutorialViewController.h */,
			);
			path = NavigationTutorial;
			sourceTree = "<group>";
		};
		C58FB84D1FE899B800C4B491 = {
			isa = PBXGroup;
			children = (
				C58FB8581FE899B800C4B491 /* Navigation-Examples */,
				961FC4E622E0260A00C72877 /* DocsCode */,
				C58FB8571FE899B800C4B491 /* Products */,
				1DB15F41255AE89621E98535 /* Pods */,
				DE25A5BE57093A8DAF382733 /* Frameworks */,
			);
			sourceTree = "<group>";
		};
		C58FB8571FE899B800C4B491 /* Products */ = {
			isa = PBXGroup;
			children = (
				C58FB8561FE899B800C4B491 /* Navigation-Examples.app */,
				961FC4FE22E0265300C72877 /* DocsCode.app */,
			);
			name = Products;
			sourceTree = "<group>";
		};
		C58FB8581FE899B800C4B491 /* Navigation-Examples */ = {
			isa = PBXGroup;
			children = (
				C58FB86F1FE8A42500C4B491 /* Examples */,
				C58FB8591FE899B800C4B491 /* AppDelegate.swift */,
				C58FB85B1FE899B800C4B491 /* ViewController.swift */,
				C58FB86D1FE89D9500C4B491 /* ExampleTableViewController.swift */,
				C58FB86B1FE89CEC00C4B491 /* ExampleContainerViewController.swift */,
				C5F1309F1FE9B44600463E86 /* Constants.swift */,
				C58FB85D1FE899B800C4B491 /* Main.storyboard */,
				C58FB8621FE899B800C4B491 /* LaunchScreen.storyboard */,
				C58FB8601FE899B800C4B491 /* Assets.xcassets */,
				C58FB8651FE899B800C4B491 /* Info.plist */,
			);
			path = "Navigation-Examples";
			sourceTree = "<group>";
		};
		C58FB86F1FE8A42500C4B491 /* Examples */ = {
			isa = PBXGroup;
			children = (
				C58FB8701FE8A43000C4B491 /* Basic.swift */,
				C58FB8721FE98AEB00C4B491 /* Styled-UI-Elements.swift */,
				C58FB8761FE98B0E00C4B491 /* Waypoint-Arrival-Screen.swift */,
				8DF510731FEB08F70049DB9C /* Embedded-Navigation.swift */,
				8D6D36A620001F0400C2B61B /* EmbeddedExamples.storyboard */,
				C5F130A51FEB2D7800463E86 /* Advanced.swift */,
				C59094C2203E3B9100EB2417 /* Custom-Voice-Controller.swift */,
				C52BAA772040D5030086EC6B /* Custom-Destination-Marker.swift */,
				C5C0D63720589422003A3B1D /* Custom-Server.swift */,
			);
			path = Examples;
			sourceTree = "<group>";
		};
		DE25A5BE57093A8DAF382733 /* Frameworks */ = {
			isa = PBXGroup;
			children = (
				8DF510761FEB0CA00049DB9C /* MapboxNavigation.framework */,
				020D595E7751FB434720AACD /* Pods_Navigation_Examples.framework */,
				9B796D93B6E7934BFD326FA8 /* Pods_DocsCode.framework */,
			);
			name = Frameworks;
			sourceTree = "<group>";
		};
/* End PBXGroup section */

/* Begin PBXNativeTarget section */
		961FC4FD22E0265300C72877 /* DocsCode */ = {
			isa = PBXNativeTarget;
			buildConfigurationList = 961FC51122E0265400C72877 /* Build configuration list for PBXNativeTarget "DocsCode" */;
			buildPhases = (
				42E7FBF777C5D4065585B7CA /* [CP] Check Pods Manifest.lock */,
				961FC4FA22E0265300C72877 /* Sources */,
				961FC4FB22E0265300C72877 /* Frameworks */,
				961FC4FC22E0265300C72877 /* Resources */,
				FA181ECD975B2CC291FDD3C8 /* [CP] Embed Pods Frameworks */,
			);
			buildRules = (
			);
			dependencies = (
			);
			name = DocsCode;
			productName = DocsCode;
			productReference = 961FC4FE22E0265300C72877 /* DocsCode.app */;
			productType = "com.apple.product-type.application";
		};
		C58FB8551FE899B800C4B491 /* Navigation-Examples */ = {
			isa = PBXNativeTarget;
			buildConfigurationList = C58FB8681FE899B800C4B491 /* Build configuration list for PBXNativeTarget "Navigation-Examples" */;
			buildPhases = (
				AE8741EB2B6B63DBE64F3268 /* [CP] Check Pods Manifest.lock */,
				C58FB8521FE899B800C4B491 /* Sources */,
				C58FB8531FE899B800C4B491 /* Frameworks */,
				C58FB8541FE899B800C4B491 /* Resources */,
				2417DF2EA3911D0DF486D567 /* [CP] Embed Pods Frameworks */,
				C543192F1FFC41470066A20A /* Apply Mapbox Access Token */,
			);
			buildRules = (
			);
			dependencies = (
			);
			name = "Navigation-Examples";
			productName = "Navigation Examples";
			productReference = C58FB8561FE899B800C4B491 /* Navigation-Examples.app */;
			productType = "com.apple.product-type.application";
		};
/* End PBXNativeTarget section */

/* Begin PBXProject section */
		C58FB84E1FE899B800C4B491 /* Project object */ = {
			isa = PBXProject;
			attributes = {
				LastSwiftUpdateCheck = 0920;
				LastUpgradeCheck = 1000;
				ORGANIZATIONNAME = Mapbox;
				TargetAttributes = {
					961FC4FD22E0265300C72877 = {
						CreatedOnToolsVersion = 10.2.1;
						LastSwiftMigration = 1110;
						ProvisioningStyle = Automatic;
					};
					C58FB8551FE899B800C4B491 = {
						CreatedOnToolsVersion = 9.2;
						LastSwiftMigration = 1110;
						ProvisioningStyle = Automatic;
					};
				};
			};
			buildConfigurationList = C58FB8511FE899B800C4B491 /* Build configuration list for PBXProject "Navigation-Examples" */;
			compatibilityVersion = "Xcode 8.0";
			developmentRegion = en;
			hasScannedForEncodings = 0;
			knownRegions = (
				en,
				Base,
			);
			mainGroup = C58FB84D1FE899B800C4B491;
			productRefGroup = C58FB8571FE899B800C4B491 /* Products */;
			projectDirPath = "";
			projectRoot = "";
			targets = (
				C58FB8551FE899B800C4B491 /* Navigation-Examples */,
				961FC4FD22E0265300C72877 /* DocsCode */,
			);
		};
/* End PBXProject section */

/* Begin PBXResourcesBuildPhase section */
		961FC4FC22E0265300C72877 /* Resources */ = {
			isa = PBXResourcesBuildPhase;
			buildActionMask = 2147483647;
			files = (
				9613F58922E030AC00D34E24 /* Main.storyboard in Resources */,
				9613F58522E0306500D34E24 /* Assets.xcassets in Resources */,
				9613F58822E030AC00D34E24 /* LaunchScreen.storyboard in Resources */,
			);
			runOnlyForDeploymentPostprocessing = 0;
		};
		C58FB8541FE899B800C4B491 /* Resources */ = {
			isa = PBXResourcesBuildPhase;
			buildActionMask = 2147483647;
			files = (
				C58FB8611FE899B800C4B491 /* Assets.xcassets in Resources */,
				9639244A22E02A520010FE73 /* Main.storyboard in Resources */,
				9639244B22E02A820010FE73 /* EmbeddedExamples.storyboard in Resources */,
			);
			runOnlyForDeploymentPostprocessing = 0;
		};
/* End PBXResourcesBuildPhase section */

/* Begin PBXShellScriptBuildPhase section */
		2417DF2EA3911D0DF486D567 /* [CP] Embed Pods Frameworks */ = {
			isa = PBXShellScriptBuildPhase;
			buildActionMask = 2147483647;
			files = (
			);
			inputPaths = (
				"${PODS_ROOT}/Target Support Files/Pods-Navigation-Examples/Pods-Navigation-Examples-frameworks.sh",
				"${PODS_ROOT}/Mapbox-iOS-SDK/dynamic/Mapbox.framework",
				"${PODS_ROOT}/Mapbox-iOS-SDK/dynamic/Mapbox.framework.dSYM",
				"${PODS_ROOT}/Mapbox-iOS-SDK/dynamic/1C04753A-6715-3177-9FDA-8F75B4324E0C.bcsymbolmap",
				"${PODS_ROOT}/Mapbox-iOS-SDK/dynamic/EE5140C5-686C-3DED-8916-3717EC675952.bcsymbolmap",
				"${BUILT_PRODUCTS_DIR}/MapboxCoreNavigation/MapboxCoreNavigation.framework",
				"${BUILT_PRODUCTS_DIR}/MapboxDirections.swift/MapboxDirections.framework",
				"${BUILT_PRODUCTS_DIR}/MapboxMobileEvents/MapboxMobileEvents.framework",
				"${BUILT_PRODUCTS_DIR}/MapboxNavigation/MapboxNavigation.framework",
				"${PODS_ROOT}/MapboxNavigationNative/MapboxNavigationNative.framework",
				"${PODS_ROOT}/MapboxNavigationNative/MapboxNavigationNative.framework.dSYM",
				"${BUILT_PRODUCTS_DIR}/MapboxSpeech/MapboxSpeech.framework",
				"${BUILT_PRODUCTS_DIR}/Polyline/Polyline.framework",
				"${BUILT_PRODUCTS_DIR}/Solar/Solar.framework",
				"${BUILT_PRODUCTS_DIR}/Turf/Turf.framework",
			);
			name = "[CP] Embed Pods Frameworks";
			outputPaths = (
				"${TARGET_BUILD_DIR}/${FRAMEWORKS_FOLDER_PATH}/Mapbox.framework",
				"${DWARF_DSYM_FOLDER_PATH}/Mapbox.framework.dSYM",
				"${BUILT_PRODUCTS_DIR}/1C04753A-6715-3177-9FDA-8F75B4324E0C.bcsymbolmap",
				"${BUILT_PRODUCTS_DIR}/EE5140C5-686C-3DED-8916-3717EC675952.bcsymbolmap",
				"${TARGET_BUILD_DIR}/${FRAMEWORKS_FOLDER_PATH}/MapboxCoreNavigation.framework",
				"${TARGET_BUILD_DIR}/${FRAMEWORKS_FOLDER_PATH}/MapboxDirections.framework",
				"${TARGET_BUILD_DIR}/${FRAMEWORKS_FOLDER_PATH}/MapboxMobileEvents.framework",
				"${TARGET_BUILD_DIR}/${FRAMEWORKS_FOLDER_PATH}/MapboxNavigation.framework",
				"${TARGET_BUILD_DIR}/${FRAMEWORKS_FOLDER_PATH}/MapboxNavigationNative.framework",
				"${DWARF_DSYM_FOLDER_PATH}/MapboxNavigationNative.framework.dSYM",
				"${TARGET_BUILD_DIR}/${FRAMEWORKS_FOLDER_PATH}/MapboxSpeech.framework",
				"${TARGET_BUILD_DIR}/${FRAMEWORKS_FOLDER_PATH}/Polyline.framework",
				"${TARGET_BUILD_DIR}/${FRAMEWORKS_FOLDER_PATH}/Solar.framework",
				"${TARGET_BUILD_DIR}/${FRAMEWORKS_FOLDER_PATH}/Turf.framework",
			);
			runOnlyForDeploymentPostprocessing = 0;
			shellPath = /bin/sh;
			shellScript = "\"${PODS_ROOT}/Target Support Files/Pods-Navigation-Examples/Pods-Navigation-Examples-frameworks.sh\"\n";
			showEnvVarsInLog = 0;
		};
		42E7FBF777C5D4065585B7CA /* [CP] Check Pods Manifest.lock */ = {
			isa = PBXShellScriptBuildPhase;
			buildActionMask = 2147483647;
			files = (
			);
			inputFileListPaths = (
			);
			inputPaths = (
				"${PODS_PODFILE_DIR_PATH}/Podfile.lock",
				"${PODS_ROOT}/Manifest.lock",
			);
			name = "[CP] Check Pods Manifest.lock";
			outputFileListPaths = (
			);
			outputPaths = (
				"$(DERIVED_FILE_DIR)/Pods-DocsCode-checkManifestLockResult.txt",
			);
			runOnlyForDeploymentPostprocessing = 0;
			shellPath = /bin/sh;
			shellScript = "diff \"${PODS_PODFILE_DIR_PATH}/Podfile.lock\" \"${PODS_ROOT}/Manifest.lock\" > /dev/null\nif [ $? != 0 ] ; then\n    # print error to STDERR\n    echo \"error: The sandbox is not in sync with the Podfile.lock. Run 'pod install' or update your CocoaPods installation.\" >&2\n    exit 1\nfi\n# This output is used by Xcode 'outputs' to avoid re-running this script phase.\necho \"SUCCESS\" > \"${SCRIPT_OUTPUT_FILE_0}\"\n";
			showEnvVarsInLog = 0;
		};
		AE8741EB2B6B63DBE64F3268 /* [CP] Check Pods Manifest.lock */ = {
			isa = PBXShellScriptBuildPhase;
			buildActionMask = 2147483647;
			files = (
			);
			inputPaths = (
				"${PODS_PODFILE_DIR_PATH}/Podfile.lock",
				"${PODS_ROOT}/Manifest.lock",
			);
			name = "[CP] Check Pods Manifest.lock";
			outputPaths = (
				"$(DERIVED_FILE_DIR)/Pods-Navigation-Examples-checkManifestLockResult.txt",
			);
			runOnlyForDeploymentPostprocessing = 0;
			shellPath = /bin/sh;
			shellScript = "diff \"${PODS_PODFILE_DIR_PATH}/Podfile.lock\" \"${PODS_ROOT}/Manifest.lock\" > /dev/null\nif [ $? != 0 ] ; then\n    # print error to STDERR\n    echo \"error: The sandbox is not in sync with the Podfile.lock. Run 'pod install' or update your CocoaPods installation.\" >&2\n    exit 1\nfi\n# This output is used by Xcode 'outputs' to avoid re-running this script phase.\necho \"SUCCESS\" > \"${SCRIPT_OUTPUT_FILE_0}\"\n";
			showEnvVarsInLog = 0;
		};
		C543192F1FFC41470066A20A /* Apply Mapbox Access Token */ = {
			isa = PBXShellScriptBuildPhase;
			buildActionMask = 2147483647;
			files = (
			);
			inputPaths = (
				"$(TARGET_BUILD_DIR)/$(INFOPLIST_PATH)",
			);
			name = "Apply Mapbox Access Token";
			outputPaths = (
			);
			runOnlyForDeploymentPostprocessing = 0;
			shellPath = /bin/sh;
			shellScript = "# This Run Script build phase helps to keep the navigation SDK’s developers from exposing their own access tokens during development. See <https://www.mapbox.com/help/ios-private-access-token/> for more information. If you are developing an application privately, you may add the MGLMapboxAccessToken key directly to your Info.plist file and delete this build phase.\n\ntoken_file=~/.mapbox\ntoken_file2=~/mapbox\ntoken=\"$(cat $token_file 2>/dev/null || cat $token_file2 2>/dev/null)\"\nif [ \"$token\" ]; then\n  plutil -replace MGLMapboxAccessToken -string $token \"$TARGET_BUILD_DIR/$INFOPLIST_PATH\"\nelse\n  echo 'warning: Missing Mapbox access token'\n  open 'https://www.mapbox.com/account/access-tokens/'\n  echo \"warning: Get an access token from <https://www.mapbox.com/account/access-tokens/>, then create a new file at $token_file or $token_file2 that contains the access token.\"\nfi\n";
		};
		FA181ECD975B2CC291FDD3C8 /* [CP] Embed Pods Frameworks */ = {
			isa = PBXShellScriptBuildPhase;
			buildActionMask = 2147483647;
			files = (
			);
			inputPaths = (
				"${PODS_ROOT}/Target Support Files/Pods-DocsCode/Pods-DocsCode-frameworks.sh",
				"${PODS_ROOT}/Mapbox-iOS-SDK/dynamic/Mapbox.framework",
				"${PODS_ROOT}/Mapbox-iOS-SDK/dynamic/Mapbox.framework.dSYM",
				"${PODS_ROOT}/Mapbox-iOS-SDK/dynamic/1C04753A-6715-3177-9FDA-8F75B4324E0C.bcsymbolmap",
				"${PODS_ROOT}/Mapbox-iOS-SDK/dynamic/EE5140C5-686C-3DED-8916-3717EC675952.bcsymbolmap",
				"${BUILT_PRODUCTS_DIR}/MapboxCoreNavigation/MapboxCoreNavigation.framework",
				"${BUILT_PRODUCTS_DIR}/MapboxDirections.swift/MapboxDirections.framework",
				"${BUILT_PRODUCTS_DIR}/MapboxMobileEvents/MapboxMobileEvents.framework",
				"${BUILT_PRODUCTS_DIR}/MapboxNavigation/MapboxNavigation.framework",
				"${PODS_ROOT}/MapboxNavigationNative/MapboxNavigationNative.framework",
				"${PODS_ROOT}/MapboxNavigationNative/MapboxNavigationNative.framework.dSYM",
				"${BUILT_PRODUCTS_DIR}/MapboxSpeech/MapboxSpeech.framework",
				"${BUILT_PRODUCTS_DIR}/Polyline/Polyline.framework",
				"${BUILT_PRODUCTS_DIR}/Solar/Solar.framework",
				"${BUILT_PRODUCTS_DIR}/Turf/Turf.framework",
			);
			name = "[CP] Embed Pods Frameworks";
			outputPaths = (
				"${TARGET_BUILD_DIR}/${FRAMEWORKS_FOLDER_PATH}/Mapbox.framework",
				"${DWARF_DSYM_FOLDER_PATH}/Mapbox.framework.dSYM",
				"${BUILT_PRODUCTS_DIR}/1C04753A-6715-3177-9FDA-8F75B4324E0C.bcsymbolmap",
				"${BUILT_PRODUCTS_DIR}/EE5140C5-686C-3DED-8916-3717EC675952.bcsymbolmap",
				"${TARGET_BUILD_DIR}/${FRAMEWORKS_FOLDER_PATH}/MapboxCoreNavigation.framework",
				"${TARGET_BUILD_DIR}/${FRAMEWORKS_FOLDER_PATH}/MapboxDirections.framework",
				"${TARGET_BUILD_DIR}/${FRAMEWORKS_FOLDER_PATH}/MapboxMobileEvents.framework",
				"${TARGET_BUILD_DIR}/${FRAMEWORKS_FOLDER_PATH}/MapboxNavigation.framework",
				"${TARGET_BUILD_DIR}/${FRAMEWORKS_FOLDER_PATH}/MapboxNavigationNative.framework",
				"${DWARF_DSYM_FOLDER_PATH}/MapboxNavigationNative.framework.dSYM",
				"${TARGET_BUILD_DIR}/${FRAMEWORKS_FOLDER_PATH}/MapboxSpeech.framework",
				"${TARGET_BUILD_DIR}/${FRAMEWORKS_FOLDER_PATH}/Polyline.framework",
				"${TARGET_BUILD_DIR}/${FRAMEWORKS_FOLDER_PATH}/Solar.framework",
				"${TARGET_BUILD_DIR}/${FRAMEWORKS_FOLDER_PATH}/Turf.framework",
			);
			runOnlyForDeploymentPostprocessing = 0;
			shellPath = /bin/sh;
			shellScript = "\"${PODS_ROOT}/Target Support Files/Pods-DocsCode/Pods-DocsCode-frameworks.sh\"\n";
			showEnvVarsInLog = 0;
		};
/* End PBXShellScriptBuildPhase section */

/* Begin PBXSourcesBuildPhase section */
		961FC4FA22E0265300C72877 /* Sources */ = {
			isa = PBXSourcesBuildPhase;
			buildActionMask = 2147483647;
			files = (
				961FC51622E0268B00C72877 /* AppDelegate.swift in Sources */,
				961FC51422E0268800C72877 /* NavigationTutorialViewController.swift in Sources */,
				961FC51522E0268800C72877 /* NavigationTutorialViewController.m in Sources */,
			);
			runOnlyForDeploymentPostprocessing = 0;
		};
		C58FB8521FE899B800C4B491 /* Sources */ = {
			isa = PBXSourcesBuildPhase;
			buildActionMask = 2147483647;
			files = (
				C5F130A01FE9B44600463E86 /* Constants.swift in Sources */,
				C58FB86E1FE89D9500C4B491 /* ExampleTableViewController.swift in Sources */,
				C5C0D63820589422003A3B1D /* Custom-Server.swift in Sources */,
				C58FB85C1FE899B800C4B491 /* ViewController.swift in Sources */,
				C58FB8771FE98B0E00C4B491 /* Waypoint-Arrival-Screen.swift in Sources */,
				C5F130A61FEB2D7800463E86 /* Advanced.swift in Sources */,
				C58FB86C1FE89CEC00C4B491 /* ExampleContainerViewController.swift in Sources */,
				C59094C3203E3B9100EB2417 /* Custom-Voice-Controller.swift in Sources */,
				C52BAA782040D5030086EC6B /* Custom-Destination-Marker.swift in Sources */,
				8DF510741FEB08F70049DB9C /* Embedded-Navigation.swift in Sources */,
				C58FB8711FE8A43000C4B491 /* Basic.swift in Sources */,
				C58FB8731FE98AEB00C4B491 /* Styled-UI-Elements.swift in Sources */,
				C58FB85A1FE899B800C4B491 /* AppDelegate.swift in Sources */,
			);
			runOnlyForDeploymentPostprocessing = 0;
		};
/* End PBXSourcesBuildPhase section */

/* Begin PBXVariantGroup section */
		C58FB85D1FE899B800C4B491 /* Main.storyboard */ = {
			isa = PBXVariantGroup;
			children = (
				C58FB85E1FE899B800C4B491 /* Base */,
			);
			name = Main.storyboard;
			sourceTree = "<group>";
		};
		C58FB8621FE899B800C4B491 /* LaunchScreen.storyboard */ = {
			isa = PBXVariantGroup;
			children = (
				C58FB8631FE899B800C4B491 /* Base */,
			);
			name = LaunchScreen.storyboard;
			sourceTree = "<group>";
		};
/* End PBXVariantGroup section */

/* Begin XCBuildConfiguration section */
		961FC51222E0265400C72877 /* Debug */ = {
			isa = XCBuildConfiguration;
			baseConfigurationReference = 9A4F31D3A4350E716451A486 /* Pods-DocsCode.debug.xcconfig */;
			buildSettings = {
				ASSETCATALOG_COMPILER_APPICON_NAME = AppIcon;
				CLANG_ENABLE_OBJC_WEAK = YES;
				CODE_SIGN_STYLE = Automatic;
				DEVELOPMENT_TEAM = GJZR2MEM28;
				INFOPLIST_FILE = DocsCode/Info.plist;
				LD_RUNPATH_SEARCH_PATHS = "$(inherited) @executable_path/Frameworks";
				MTL_ENABLE_DEBUG_INFO = INCLUDE_SOURCE;
				MTL_FAST_MATH = YES;
				PRODUCT_BUNDLE_IDENTIFIER = com.mapbox.nav.DocsCode;
				PRODUCT_NAME = "$(TARGET_NAME)";
				SWIFT_VERSION = 5.0;
				TARGETED_DEVICE_FAMILY = "1,2";
			};
			name = Debug;
		};
		961FC51322E0265400C72877 /* Release */ = {
			isa = XCBuildConfiguration;
			baseConfigurationReference = B33B5E4C0AD283368D51EEDA /* Pods-DocsCode.release.xcconfig */;
			buildSettings = {
				ASSETCATALOG_COMPILER_APPICON_NAME = AppIcon;
				CLANG_ENABLE_OBJC_WEAK = YES;
				CODE_SIGN_STYLE = Automatic;
				DEVELOPMENT_TEAM = GJZR2MEM28;
				INFOPLIST_FILE = DocsCode/Info.plist;
				LD_RUNPATH_SEARCH_PATHS = "$(inherited) @executable_path/Frameworks";
				MTL_FAST_MATH = YES;
				PRODUCT_BUNDLE_IDENTIFIER = com.mapbox.nav.DocsCode;
				PRODUCT_NAME = "$(TARGET_NAME)";
				SWIFT_VERSION = 5.0;
				TARGETED_DEVICE_FAMILY = "1,2";
			};
			name = Release;
		};
		C58FB8661FE899B800C4B491 /* Debug */ = {
			isa = XCBuildConfiguration;
			buildSettings = {
				ALWAYS_SEARCH_USER_PATHS = NO;
				CLANG_ANALYZER_NONNULL = YES;
				CLANG_ANALYZER_NUMBER_OBJECT_CONVERSION = YES_AGGRESSIVE;
				CLANG_CXX_LANGUAGE_STANDARD = "gnu++14";
				CLANG_CXX_LIBRARY = "libc++";
				CLANG_ENABLE_MODULES = YES;
				CLANG_ENABLE_OBJC_ARC = YES;
				CLANG_WARN_BLOCK_CAPTURE_AUTORELEASING = YES;
				CLANG_WARN_BOOL_CONVERSION = YES;
				CLANG_WARN_COMMA = YES;
				CLANG_WARN_CONSTANT_CONVERSION = YES;
				CLANG_WARN_DEPRECATED_OBJC_IMPLEMENTATIONS = YES;
				CLANG_WARN_DIRECT_OBJC_ISA_USAGE = YES_ERROR;
				CLANG_WARN_DOCUMENTATION_COMMENTS = YES;
				CLANG_WARN_EMPTY_BODY = YES;
				CLANG_WARN_ENUM_CONVERSION = YES;
				CLANG_WARN_INFINITE_RECURSION = YES;
				CLANG_WARN_INT_CONVERSION = YES;
				CLANG_WARN_NON_LITERAL_NULL_CONVERSION = YES;
				CLANG_WARN_OBJC_IMPLICIT_RETAIN_SELF = YES;
				CLANG_WARN_OBJC_LITERAL_CONVERSION = YES;
				CLANG_WARN_OBJC_ROOT_CLASS = YES_ERROR;
				CLANG_WARN_RANGE_LOOP_ANALYSIS = YES;
				CLANG_WARN_STRICT_PROTOTYPES = YES;
				CLANG_WARN_SUSPICIOUS_MOVE = YES;
				CLANG_WARN_UNGUARDED_AVAILABILITY = YES_AGGRESSIVE;
				CLANG_WARN_UNREACHABLE_CODE = YES;
				CLANG_WARN__DUPLICATE_METHOD_MATCH = YES;
				CODE_SIGN_IDENTITY = "iPhone Developer";
				COPY_PHASE_STRIP = NO;
				DEBUG_INFORMATION_FORMAT = dwarf;
				ENABLE_STRICT_OBJC_MSGSEND = YES;
				ENABLE_TESTABILITY = YES;
				GCC_C_LANGUAGE_STANDARD = gnu11;
				GCC_DYNAMIC_NO_PIC = NO;
				GCC_NO_COMMON_BLOCKS = YES;
				GCC_OPTIMIZATION_LEVEL = 0;
				GCC_PREPROCESSOR_DEFINITIONS = (
					"DEBUG=1",
					"$(inherited)",
				);
				GCC_WARN_64_TO_32_BIT_CONVERSION = YES;
				GCC_WARN_ABOUT_RETURN_TYPE = YES_ERROR;
				GCC_WARN_UNDECLARED_SELECTOR = YES;
				GCC_WARN_UNINITIALIZED_AUTOS = YES_AGGRESSIVE;
				GCC_WARN_UNUSED_FUNCTION = YES;
				GCC_WARN_UNUSED_VARIABLE = YES;
				IPHONEOS_DEPLOYMENT_TARGET = 11.2;
				MTL_ENABLE_DEBUG_INFO = YES;
				ONLY_ACTIVE_ARCH = YES;
				SDKROOT = iphoneos;
				SWIFT_ACTIVE_COMPILATION_CONDITIONS = DEBUG;
				SWIFT_OPTIMIZATION_LEVEL = "-Onone";
			};
			name = Debug;
		};
		C58FB8671FE899B800C4B491 /* Release */ = {
			isa = XCBuildConfiguration;
			buildSettings = {
				ALWAYS_SEARCH_USER_PATHS = NO;
				CLANG_ANALYZER_NONNULL = YES;
				CLANG_ANALYZER_NUMBER_OBJECT_CONVERSION = YES_AGGRESSIVE;
				CLANG_CXX_LANGUAGE_STANDARD = "gnu++14";
				CLANG_CXX_LIBRARY = "libc++";
				CLANG_ENABLE_MODULES = YES;
				CLANG_ENABLE_OBJC_ARC = YES;
				CLANG_WARN_BLOCK_CAPTURE_AUTORELEASING = YES;
				CLANG_WARN_BOOL_CONVERSION = YES;
				CLANG_WARN_COMMA = YES;
				CLANG_WARN_CONSTANT_CONVERSION = YES;
				CLANG_WARN_DEPRECATED_OBJC_IMPLEMENTATIONS = YES;
				CLANG_WARN_DIRECT_OBJC_ISA_USAGE = YES_ERROR;
				CLANG_WARN_DOCUMENTATION_COMMENTS = YES;
				CLANG_WARN_EMPTY_BODY = YES;
				CLANG_WARN_ENUM_CONVERSION = YES;
				CLANG_WARN_INFINITE_RECURSION = YES;
				CLANG_WARN_INT_CONVERSION = YES;
				CLANG_WARN_NON_LITERAL_NULL_CONVERSION = YES;
				CLANG_WARN_OBJC_IMPLICIT_RETAIN_SELF = YES;
				CLANG_WARN_OBJC_LITERAL_CONVERSION = YES;
				CLANG_WARN_OBJC_ROOT_CLASS = YES_ERROR;
				CLANG_WARN_RANGE_LOOP_ANALYSIS = YES;
				CLANG_WARN_STRICT_PROTOTYPES = YES;
				CLANG_WARN_SUSPICIOUS_MOVE = YES;
				CLANG_WARN_UNGUARDED_AVAILABILITY = YES_AGGRESSIVE;
				CLANG_WARN_UNREACHABLE_CODE = YES;
				CLANG_WARN__DUPLICATE_METHOD_MATCH = YES;
				CODE_SIGN_IDENTITY = "iPhone Developer";
				COPY_PHASE_STRIP = NO;
				DEBUG_INFORMATION_FORMAT = "dwarf-with-dsym";
				ENABLE_NS_ASSERTIONS = NO;
				ENABLE_STRICT_OBJC_MSGSEND = YES;
				GCC_C_LANGUAGE_STANDARD = gnu11;
				GCC_NO_COMMON_BLOCKS = YES;
				GCC_WARN_64_TO_32_BIT_CONVERSION = YES;
				GCC_WARN_ABOUT_RETURN_TYPE = YES_ERROR;
				GCC_WARN_UNDECLARED_SELECTOR = YES;
				GCC_WARN_UNINITIALIZED_AUTOS = YES_AGGRESSIVE;
				GCC_WARN_UNUSED_FUNCTION = YES;
				GCC_WARN_UNUSED_VARIABLE = YES;
				IPHONEOS_DEPLOYMENT_TARGET = 11.2;
				MTL_ENABLE_DEBUG_INFO = NO;
				SDKROOT = iphoneos;
				SWIFT_OPTIMIZATION_LEVEL = "-Owholemodule";
				VALIDATE_PRODUCT = YES;
			};
			name = Release;
		};
		C58FB8691FE899B800C4B491 /* Debug */ = {
			isa = XCBuildConfiguration;
			baseConfigurationReference = FE9EEF42C4F1DD67E96BC63A /* Pods-Navigation-Examples.debug.xcconfig */;
			buildSettings = {
				ASSETCATALOG_COMPILER_APPICON_NAME = AppIcon;
				CODE_SIGN_STYLE = Automatic;
				DEVELOPMENT_TEAM = GJZR2MEM28;
				INFOPLIST_FILE = "Navigation-Examples/Info.plist";
				LD_RUNPATH_SEARCH_PATHS = "$(inherited) @executable_path/Frameworks";
				PRODUCT_BUNDLE_IDENTIFIER = "com.Mapbox.Navigation-Examples";
				PRODUCT_NAME = "$(TARGET_NAME)";
				SWIFT_VERSION = 5.0;
				TARGETED_DEVICE_FAMILY = "1,2";
			};
			name = Debug;
		};
		C58FB86A1FE899B800C4B491 /* Release */ = {
			isa = XCBuildConfiguration;
			baseConfigurationReference = BFEC70FB9C884A4DDD80E7D9 /* Pods-Navigation-Examples.release.xcconfig */;
			buildSettings = {
				ASSETCATALOG_COMPILER_APPICON_NAME = AppIcon;
				CODE_SIGN_STYLE = Automatic;
				DEVELOPMENT_TEAM = GJZR2MEM28;
				INFOPLIST_FILE = "Navigation-Examples/Info.plist";
				LD_RUNPATH_SEARCH_PATHS = "$(inherited) @executable_path/Frameworks";
				PRODUCT_BUNDLE_IDENTIFIER = "com.Mapbox.Navigation-Examples";
				PRODUCT_NAME = "$(TARGET_NAME)";
				SWIFT_VERSION = 5.0;
				TARGETED_DEVICE_FAMILY = "1,2";
			};
			name = Release;
		};
/* End XCBuildConfiguration section */

/* Begin XCConfigurationList section */
		961FC51122E0265400C72877 /* Build configuration list for PBXNativeTarget "DocsCode" */ = {
			isa = XCConfigurationList;
			buildConfigurations = (
				961FC51222E0265400C72877 /* Debug */,
				961FC51322E0265400C72877 /* Release */,
			);
			defaultConfigurationIsVisible = 0;
			defaultConfigurationName = Release;
		};
		C58FB8511FE899B800C4B491 /* Build configuration list for PBXProject "Navigation-Examples" */ = {
			isa = XCConfigurationList;
			buildConfigurations = (
				C58FB8661FE899B800C4B491 /* Debug */,
				C58FB8671FE899B800C4B491 /* Release */,
			);
			defaultConfigurationIsVisible = 0;
			defaultConfigurationName = Release;
		};
		C58FB8681FE899B800C4B491 /* Build configuration list for PBXNativeTarget "Navigation-Examples" */ = {
			isa = XCConfigurationList;
			buildConfigurations = (
				C58FB8691FE899B800C4B491 /* Debug */,
				C58FB86A1FE899B800C4B491 /* Release */,
			);
			defaultConfigurationIsVisible = 0;
			defaultConfigurationName = Release;
		};
/* End XCConfigurationList section */
	};
	rootObject = C58FB84E1FE899B800C4B491 /* Project object */;
}
